// !$*UTF8*$!
{
	archiveVersion = 1;
	classes = {
	};
	objectVersion = 46;
	objects = {

/* Begin PBXBuildFile section */
		A5F04DB11F53FB44004061D7 /* main.m in Sources */ = {isa = PBXBuildFile; fileRef = A5F04DB01F53FB44004061D7 /* main.m */; };
		A5F04DB41F53FB44004061D7 /* AppDelegate.m in Sources */ = {isa = PBXBuildFile; fileRef = A5F04DB31F53FB44004061D7 /* AppDelegate.m */; };
		A5F04DB71F53FB44004061D7 /* ViewController.m in Sources */ = {isa = PBXBuildFile; fileRef = A5F04DB61F53FB44004061D7 /* ViewController.m */; };
		A5F04DBA1F53FB44004061D7 /* Main.storyboard in Resources */ = {isa = PBXBuildFile; fileRef = A5F04DB81F53FB44004061D7 /* Main.storyboard */; };
		A5F04DBC1F53FB44004061D7 /* Assets.xcassets in Resources */ = {isa = PBXBuildFile; fileRef = A5F04DBB1F53FB44004061D7 /* Assets.xcassets */; };
		A5F04DBF1F53FB44004061D7 /* LaunchScreen.storyboard in Resources */ = {isa = PBXBuildFile; fileRef = A5F04DBD1F53FB44004061D7 /* LaunchScreen.storyboard */; };
		A5F04DDA1F53FD81004061D7 /* UBMapDecode.m in Sources */ = {isa = PBXBuildFile; fileRef = A5F04DD41F53FD81004061D7 /* UBMapDecode.m */; };
		A5F04DDB1F53FD81004061D7 /* UBMapView.m in Sources */ = {isa = PBXBuildFile; fileRef = A5F04DD61F53FD81004061D7 /* UBMapView.m */; };
		A5F04DDC1F53FD81004061D7 /* UBPath.m in Sources */ = {isa = PBXBuildFile; fileRef = A5F04DD81F53FD81004061D7 /* UBPath.m */; };
		A5F04DDD1F53FD81004061D7 /* world_map.svg in Resources */ = {isa = PBXBuildFile; fileRef = A5F04DD91F53FD81004061D7 /* world_map.svg */; };
/* End PBXBuildFile section */

/* Begin PBXFileReference section */
		A5F04DAC1F53FB44004061D7 /* UBWorldMapSample.app */ = {isa = PBXFileReference; explicitFileType = wrapper.application; includeInIndex = 0; path = UBWorldMapSample.app; sourceTree = BUILT_PRODUCTS_DIR; };
		A5F04DB01F53FB44004061D7 /* main.m */ = {isa = PBXFileReference; lastKnownFileType = sourcecode.c.objc; path = main.m; sourceTree = "<group>"; };
		A5F04DB21F53FB44004061D7 /* AppDelegate.h */ = {isa = PBXFileReference; lastKnownFileType = sourcecode.c.h; path = AppDelegate.h; sourceTree = "<group>"; };
		A5F04DB31F53FB44004061D7 /* AppDelegate.m */ = {isa = PBXFileReference; lastKnownFileType = sourcecode.c.objc; path = AppDelegate.m; sourceTree = "<group>"; };
		A5F04DB51F53FB44004061D7 /* ViewController.h */ = {isa = PBXFileReference; lastKnownFileType = sourcecode.c.h; path = ViewController.h; sourceTree = "<group>"; };
		A5F04DB61F53FB44004061D7 /* ViewController.m */ = {isa = PBXFileReference; lastKnownFileType = sourcecode.c.objc; path = ViewController.m; sourceTree = "<group>"; };
		A5F04DB91F53FB44004061D7 /* Base */ = {isa = PBXFileReference; lastKnownFileType = file.storyboard; name = Base; path = Base.lproj/Main.storyboard; sourceTree = "<group>"; };
		A5F04DBB1F53FB44004061D7 /* Assets.xcassets */ = {isa = PBXFileReference; lastKnownFileType = folder.assetcatalog; path = Assets.xcassets; sourceTree = "<group>"; };
		A5F04DBE1F53FB44004061D7 /* Base */ = {isa = PBXFileReference; lastKnownFileType = file.storyboard; name = Base; path = Base.lproj/LaunchScreen.storyboard; sourceTree = "<group>"; };
		A5F04DC01F53FB44004061D7 /* Info.plist */ = {isa = PBXFileReference; lastKnownFileType = text.plist.xml; path = Info.plist; sourceTree = "<group>"; };
		A5F04DD31F53FD81004061D7 /* UBMapDecode.h */ = {isa = PBXFileReference; fileEncoding = 4; lastKnownFileType = sourcecode.c.h; path = UBMapDecode.h; sourceTree = "<group>"; };
		A5F04DD41F53FD81004061D7 /* UBMapDecode.m */ = {isa = PBXFileReference; fileEncoding = 4; lastKnownFileType = sourcecode.c.objc; path = UBMapDecode.m; sourceTree = "<group>"; };
		A5F04DD51F53FD81004061D7 /* UBMapView.h */ = {isa = PBXFileReference; fileEncoding = 4; lastKnownFileType = sourcecode.c.h; path = UBMapView.h; sourceTree = "<group>"; };
		A5F04DD61F53FD81004061D7 /* UBMapView.m */ = {isa = PBXFileReference; fileEncoding = 4; lastKnownFileType = sourcecode.c.objc; path = UBMapView.m; sourceTree = "<group>"; };
		A5F04DD71F53FD81004061D7 /* UBPath.h */ = {isa = PBXFileReference; fileEncoding = 4; lastKnownFileType = sourcecode.c.h; path = UBPath.h; sourceTree = "<group>"; };
		A5F04DD81F53FD81004061D7 /* UBPath.m */ = {isa = PBXFileReference; fileEncoding = 4; lastKnownFileType = sourcecode.c.objc; path = UBPath.m; sourceTree = "<group>"; };
		A5F04DD91F53FD81004061D7 /* world_map.svg */ = {isa = PBXFileReference; fileEncoding = 4; lastKnownFileType = text.xml; path = world_map.svg; sourceTree = "<group>"; };
/* End PBXFileReference section */

/* Begin PBXFrameworksBuildPhase section */
		A5F04DA91F53FB44004061D7 /* Frameworks */ = {
			isa = PBXFrameworksBuildPhase;
			buildActionMask = 2147483647;
			files = (
			);
			runOnlyForDeploymentPostprocessing = 0;
		};
/* End PBXFrameworksBuildPhase section */

/* Begin PBXGroup section */
		A5F04DA31F53FB44004061D7 = {
			isa = PBXGroup;
			children = (
				A5F04DAE1F53FB44004061D7 /* UBWorldMapSample */,
				A5F04DAD1F53FB44004061D7 /* Products */,
			);
			sourceTree = "<group>";
		};
		A5F04DAD1F53FB44004061D7 /* Products */ = {
			isa = PBXGroup;
			children = (
				A5F04DAC1F53FB44004061D7 /* UBWorldMapSample.app */,
			);
			name = Products;
			sourceTree = "<group>";
		};
		A5F04DAE1F53FB44004061D7 /* UBWorldMapSample */ = {
			isa = PBXGroup;
			children = (
				A5F04DB21F53FB44004061D7 /* AppDelegate.h */,
				A5F04DB31F53FB44004061D7 /* AppDelegate.m */,
				A5F04DB51F53FB44004061D7 /* ViewController.h */,
				A5F04DB61F53FB44004061D7 /* ViewController.m */,
				A5F04DD21F53FD81004061D7 /* UBMap */,
				A5F04DB81F53FB44004061D7 /* Main.storyboard */,
				A5F04DBB1F53FB44004061D7 /* Assets.xcassets */,
				A5F04DBD1F53FB44004061D7 /* LaunchScreen.storyboard */,
				A5F04DC01F53FB44004061D7 /* Info.plist */,
				A5F04DAF1F53FB44004061D7 /* Supporting Files */,
			);
			path = UBWorldMapSample;
			sourceTree = "<group>";
		};
		A5F04DAF1F53FB44004061D7 /* Supporting Files */ = {
			isa = PBXGroup;
			children = (
				A5F04DB01F53FB44004061D7 /* main.m */,
			);
			name = "Supporting Files";
			sourceTree = "<group>";
		};
		A5F04DD21F53FD81004061D7 /* UBMap */ = {
			isa = PBXGroup;
			children = (
				A5F04DD31F53FD81004061D7 /* UBMapDecode.h */,
				A5F04DD41F53FD81004061D7 /* UBMapDecode.m */,
				A5F04DD51F53FD81004061D7 /* UBMapView.h */,
				A5F04DD61F53FD81004061D7 /* UBMapView.m */,
				A5F04DD71F53FD81004061D7 /* UBPath.h */,
				A5F04DD81F53FD81004061D7 /* UBPath.m */,
				A5F04DD91F53FD81004061D7 /* world_map.svg */,
			);
			path = UBMap;
			sourceTree = "<group>";
		};
/* End PBXGroup section */

/* Begin PBXNativeTarget section */
		A5F04DAB1F53FB44004061D7 /* UBWorldMapSample */ = {
			isa = PBXNativeTarget;
			buildConfigurationList = A5F04DC31F53FB44004061D7 /* Build configuration list for PBXNativeTarget "UBWorldMapSample" */;
			buildPhases = (
				A5F04DA81F53FB44004061D7 /* Sources */,
				A5F04DA91F53FB44004061D7 /* Frameworks */,
				A5F04DAA1F53FB44004061D7 /* Resources */,
			);
			buildRules = (
			);
			dependencies = (
			);
			name = UBWorldMapSample;
			productName = UBWorldMapSample;
			productReference = A5F04DAC1F53FB44004061D7 /* UBWorldMapSample.app */;
			productType = "com.apple.product-type.application";
		};
/* End PBXNativeTarget section */

/* Begin PBXProject section */
		A5F04DA41F53FB44004061D7 /* Project object */ = {
			isa = PBXProject;
			attributes = {
				LastUpgradeCheck = 0830;
				ORGANIZATIONNAME = rutherford.com;
				TargetAttributes = {
					A5F04DAB1F53FB44004061D7 = {
						CreatedOnToolsVersion = 8.3.3;
						ProvisioningStyle = Automatic;
					};
				};
			};
			buildConfigurationList = A5F04DA71F53FB44004061D7 /* Build configuration list for PBXProject "UBWorldMapSample" */;
			compatibilityVersion = "Xcode 3.2";
			developmentRegion = English;
			hasScannedForEncodings = 0;
			knownRegions = (
				en,
				Base,
			);
			mainGroup = A5F04DA31F53FB44004061D7;
			productRefGroup = A5F04DAD1F53FB44004061D7 /* Products */;
			projectDirPath = "";
			projectRoot = "";
			targets = (
				A5F04DAB1F53FB44004061D7 /* UBWorldMapSample */,
			);
		};
/* End PBXProject section */

/* Begin PBXResourcesBuildPhase section */
		A5F04DAA1F53FB44004061D7 /* Resources */ = {
			isa = PBXResourcesBuildPhase;
			buildActionMask = 2147483647;
			files = (
				A5F04DDD1F53FD81004061D7 /* world_map.svg in Resources */,
				A5F04DBF1F53FB44004061D7 /* LaunchScreen.storyboard in Resources */,
				A5F04DBC1F53FB44004061D7 /* Assets.xcassets in Resources */,
				A5F04DBA1F53FB44004061D7 /* Main.storyboard in Resources */,
			);
			runOnlyForDeploymentPostprocessing = 0;
		};
/* End PBXResourcesBuildPhase section */

/* Begin PBXSourcesBuildPhase section */
		A5F04DA81F53FB44004061D7 /* Sources */ = {
			isa = PBXSourcesBuildPhase;
			buildActionMask = 2147483647;
			files = (
				A5F04DB71F53FB44004061D7 /* ViewController.m in Sources */,
				A5F04DDA1F53FD81004061D7 /* UBMapDecode.m in Sources */,
				A5F04DB41F53FB44004061D7 /* AppDelegate.m in Sources */,
				A5F04DDB1F53FD81004061D7 /* UBMapView.m in Sources */,
				A5F04DB11F53FB44004061D7 /* main.m in Sources */,
				A5F04DDC1F53FD81004061D7 /* UBPath.m in Sources */,
			);
			runOnlyForDeploymentPostprocessing = 0;
		};
/* End PBXSourcesBuildPhase section */

/* Begin PBXVariantGroup section */
		A5F04DB81F53FB44004061D7 /* Main.storyboard */ = {
			isa = PBXVariantGroup;
			children = (
				A5F04DB91F53FB44004061D7 /* Base */,
			);
			name = Main.storyboard;
			sourceTree = "<group>";
		};
		A5F04DBD1F53FB44004061D7 /* LaunchScreen.storyboard */ = {
			isa = PBXVariantGroup;
			children = (
				A5F04DBE1F53FB44004061D7 /* Base */,
			);
			name = LaunchScreen.storyboard;
			sourceTree = "<group>";
		};
/* End PBXVariantGroup section */

/* Begin XCBuildConfiguration section */
		A5F04DC11F53FB44004061D7 /* Debug */ = {
			isa = XCBuildConfiguration;
			buildSettings = {
				ALWAYS_SEARCH_USER_PATHS = NO;
				CLANG_ANALYZER_NONNULL = YES;
				CLANG_ANALYZER_NUMBER_OBJECT_CONVERSION = YES_AGGRESSIVE;
				CLANG_CXX_LANGUAGE_STANDARD = "gnu++0x";
				CLANG_CXX_LIBRARY = "libc++";
				CLANG_ENABLE_MODULES = YES;
				CLANG_ENABLE_OBJC_ARC = YES;
				CLANG_WARN_BOOL_CONVERSION = YES;
				CLANG_WARN_CONSTANT_CONVERSION = YES;
				CLANG_WARN_DIRECT_OBJC_ISA_USAGE = YES_ERROR;
				CLANG_WARN_DOCUMENTATION_COMMENTS = YES;
				CLANG_WARN_EMPTY_BODY = YES;
				CLANG_WARN_ENUM_CONVERSION = YES;
				CLANG_WARN_INFINITE_RECURSION = YES;
				CLANG_WARN_INT_CONVERSION = YES;
				CLANG_WARN_OBJC_ROOT_CLASS = YES_ERROR;
				CLANG_WARN_SUSPICIOUS_MOVE = YES;
				CLANG_WARN_UNREACHABLE_CODE = YES;
				CLANG_WARN__DUPLICATE_METHOD_MATCH = YES;
				"CODE_SIGN_IDENTITY[sdk=iphoneos*]" = "iPhone Developer";
				COPY_PHASE_STRIP = NO;
				DEBUG_INFORMATION_FORMAT = dwarf;
				ENABLE_STRICT_OBJC_MSGSEND = YES;
				ENABLE_TESTABILITY = YES;
				GCC_C_LANGUAGE_STANDARD = gnu99;
				GCC_DYNAMIC_NO_PIC = NO;
				GCC_NO_COMMON_BLOCKS = YES;
				GCC_OPTIMIZATION_LEVEL = 0;
				GCC_PREPROCESSOR_DEFINITIONS = (
					"DEBUG=1",
					"$(inherited)",
				);
				GCC_WARN_64_TO_32_BIT_CONVERSION = YES;
				GCC_WARN_ABOUT_RETURN_TYPE = YES_ERROR;
				GCC_WARN_UNDECLARED_SELECTOR = YES;
				GCC_WARN_UNINITIALIZED_AUTOS = YES_AGGRESSIVE;
				GCC_WARN_UNUSED_FUNCTION = YES;
				GCC_WARN_UNUSED_VARIABLE = YES;
				IPHONEOS_DEPLOYMENT_TARGET = 10.3;
				MTL_ENABLE_DEBUG_INFO = YES;
				ONLY_ACTIVE_ARCH = YES;
				SDKROOT = iphoneos;
			};
			name = Debug;
		};
		A5F04DC21F53FB44004061D7 /* Release */ = {
			isa = XCBuildConfiguration;
			buildSettings = {
				ALWAYS_SEARCH_USER_PATHS = NO;
				CLANG_ANALYZER_NONNULL = YES;
				CLANG_ANALYZER_NUMBER_OBJECT_CONVERSION = YES_AGGRESSIVE;
				CLANG_CXX_LANGUAGE_STANDARD = "gnu++0x";
				CLANG_CXX_LIBRARY = "libc++";
				CLANG_ENABLE_MODULES = YES;
				CLANG_ENABLE_OBJC_ARC = YES;
				CLANG_WARN_BOOL_CONVERSION = YES;
				CLANG_WARN_CONSTANT_CONVERSION = YES;
				CLANG_WARN_DIRECT_OBJC_ISA_USAGE = YES_ERROR;
				CLANG_WARN_DOCUMENTATION_COMMENTS = YES;
				CLANG_WARN_EMPTY_BODY = YES;
				CLANG_WARN_ENUM_CONVERSION = YES;
				CLANG_WARN_INFINITE_RECURSION = YES;
				CLANG_WARN_INT_CONVERSION = YES;
				CLANG_WARN_OBJC_ROOT_CLASS = YES_ERROR;
				CLANG_WARN_SUSPICIOUS_MOVE = YES;
				CLANG_WARN_UNREACHABLE_CODE = YES;
				CLANG_WARN__DUPLICATE_METHOD_MATCH = YES;
				"CODE_SIGN_IDENTITY[sdk=iphoneos*]" = "iPhone Developer";
				COPY_PHASE_STRIP = NO;
				DEBUG_INFORMATION_FORMAT = "dwarf-with-dsym";
				ENABLE_NS_ASSERTIONS = NO;
				ENABLE_STRICT_OBJC_MSGSEND = YES;
				GCC_C_LANGUAGE_STANDARD = gnu99;
				GCC_NO_COMMON_BLOCKS = YES;
				GCC_WARN_64_TO_32_BIT_CONVERSION = YES;
				GCC_WARN_ABOUT_RETURN_TYPE = YES_ERROR;
				GCC_WARN_UNDECLARED_SELECTOR = YES;
				GCC_WARN_UNINITIALIZED_AUTOS = YES_AGGRESSIVE;
				GCC_WARN_UNUSED_FUNCTION = YES;
				GCC_WARN_UNUSED_VARIABLE = YES;
				IPHONEOS_DEPLOYMENT_TARGET = 10.3;
				MTL_ENABLE_DEBUG_INFO = NO;
				SDKROOT = iphoneos;
				VALIDATE_PRODUCT = YES;
			};
			name = Release;
		};
		A5F04DC41F53FB44004061D7 /* Debug */ = {
			isa = XCBuildConfiguration;
			buildSettings = {
				ASSETCATALOG_COMPILER_APPICON_NAME = AppIcon;
				INFOPLIST_FILE = UBWorldMapSample/Info.plist;
				LD_RUNPATH_SEARCH_PATHS = "$(inherited) @executable_path/Frameworks";
				PRODUCT_BUNDLE_IDENTIFIER = com.UBWorldMapSample;
				PRODUCT_NAME = "$(TARGET_NAME)";
			};
			name = Debug;
		};
		A5F04DC51F53FB44004061D7 /* Release */ = {
			isa = XCBuildConfiguration;
			buildSettings = {
				ASSETCATALOG_COMPILER_APPICON_NAME = AppIcon;
				INFOPLIST_FILE = UBWorldMapSample/Info.plist;
				LD_RUNPATH_SEARCH_PATHS = "$(inherited) @executable_path/Frameworks";
				PRODUCT_BUNDLE_IDENTIFIER = com.UBWorldMapSample;
				PRODUCT_NAME = "$(TARGET_NAME)";
			};
			name = Release;
		};
/* End XCBuildConfiguration section */

/* Begin XCConfigurationList section */
		A5F04DA71F53FB44004061D7 /* Build configuration list for PBXProject "UBWorldMapSample" */ = {
			isa = XCConfigurationList;
			buildConfigurations = (
				A5F04DC11F53FB44004061D7 /* Debug */,
				A5F04DC21F53FB44004061D7 /* Release */,
			);
			defaultConfigurationIsVisible = 0;
			defaultConfigurationName = Release;
		};
		A5F04DC31F53FB44004061D7 /* Build configuration list for PBXNativeTarget "UBWorldMapSample" */ = {
			isa = XCConfigurationList;
			buildConfigurations = (
				A5F04DC41F53FB44004061D7 /* Debug */,
				A5F04DC51F53FB44004061D7 /* Release */,
			);
			defaultConfigurationIsVisible = 0;
		};
/* End XCConfigurationList section */
	};
	rootObject = A5F04DA41F53FB44004061D7 /* Project object */;
}
